
Microsoft Visual Studio Solution File, Format Version 12.00
# Visual Studio Version 17
VisualStudioVersion = 17.3.32929.385
MinimumVisualStudioVersion = 10.0.40219.1
Project("{FAE04EC0-301F-11D3-BF4B-00C04F79EFBC}") = "Università", "Università.csproj", "{F22F29E5-517F-486F-8666-264119AD9F19}"
EndProject
Global
	GlobalSection(SolutionConfigurationPlatforms) = preSolution
		Debug|Any CPU = Debug|Any CPU
		Release|Any CPU = Release|Any CPU
	EndGlobalSection
	GlobalSection(ProjectConfigurationPlatforms) = postSolution
		{F22F29E5-517F-486F-8666-264119AD9F19}.Debug|Any CPU.ActiveCfg = Debug|Any CPU
		{F22F29E5-517F-486F-8666-264119AD9F19}.Debug|Any CPU.Build.0 = Debug|Any CPU
		{F22F29E5-517F-486F-8666-264119AD9F19}.Release|Any CPU.ActiveCfg = Release|Any CPU
		{F22F29E5-517F-486F-8666-264119AD9F19}.Release|Any CPU.Build.0 = Release|Any CPU
	EndGlobalSection
	GlobalSection(SolutionProperties) = preSolution
		HideSolutionNode = FALSE
	EndGlobalSection
	GlobalSection(ExtensibilityGlobals) = postSolution
		SolutionGuid = {3AAF1374-FF58-49D1-99C4-F86E38E88BE2}
	EndGlobalSection
EndGlobal
